
Microsoft Visual Studio Solution File, Format Version 12.00
# Visual Studio Version 17
VisualStudioVersion = 17.14.35806.103
MinimumVisualStudioVersion = 10.0.40219.1
Project("{888888A0-9F3D-457C-B088-3A5042F75D52}") = "COMP5012_Coursework_Alexander_Fitzsimons", "COMP5012_Coursework_Alexander_Fitzsimons.pyproj", "{4A093539-04FD-4CD9-84AA-BB7732D29B4C}"
EndProject
Global
	GlobalSection(SolutionConfigurationPlatforms) = preSolution
		Debug|Any CPU = Debug|Any CPU
		Release|Any CPU = Release|Any CPU
	EndGlobalSection
	GlobalSection(ProjectConfigurationPlatforms) = postSolution
		{4A093539-04FD-4CD9-84AA-BB7732D29B4C}.Debug|Any CPU.ActiveCfg = Debug|Any CPU
		{4A093539-04FD-4CD9-84AA-BB7732D29B4C}.Release|Any CPU.ActiveCfg = Release|Any CPU
	EndGlobalSection
	GlobalSection(SolutionProperties) = preSolution
		HideSolutionNode = FALSE
	EndGlobalSection
	GlobalSection(ExtensibilityGlobals) = postSolution
		SolutionGuid = {E0EA6C80-A365-417F-AD30-35CCAA166C3A}
	EndGlobalSection
EndGlobal
